<?xml version="1.0" encoding="UTF-8"?>
<!DOCTYPE plist PUBLIC "-//Apple//DTD PLIST 1.0//EN" "http://www.apple.com/DTDs/PropertyList-1.0.dtd">
<plist version="1.0">
<dict>
	<key>classes</key>
	<dict/>
	<key>objectVersion</key>
	<string>56</string>
	<key>archiveVersion</key>
	<string>1</string>
	<key>objects</key>
	<dict>
		<key>000000000000000000000006</key>
		<dict>
			<key>fileRef</key>
			<string>000000000000000000000005</string>
			<key>isa</key>
			<string>PBXBuildFile</string>
		</dict>
		<key>00000000000000000000001E</key>
		<dict>
			<key>buildConfigurationList</key>
			<string>00000000000000000000001D</string>
			<key>projectDirPath</key>
			<string></string>
			<key>projectRoot</key>
			<string></string>
			<key>knownRegions</key>
			<array>
				<string>en</string>
				<string>Base</string>
			</array>
			<key>isa</key>
			<string>PBXProject</string>
			<key>compatibilityVersion</key>
			<string>Xcode 14.0</string>
			<key>productRefGroup</key>
			<string>000000000000000000000002</string>
			<key>mainGroup</key>
			<string>000000000000000000000001</string>
			<key>developmentRegion</key>
			<string>en</string>
			<key>attributes</key>
			<dict>
				<key>LastUpgradeCheck</key>
				<string>1620</string>
			</dict>
			<key>targets</key>
			<array>
				<string>00000000000000000000001A</string>
				<string>000000000000000000000028</string>
			</array>
		</dict>
		<key>000000000000000000000019</key>
		<dict>
			<key>defaultConfigurationIsVisible</key>
			<integer>0</integer>
			<key>defaultConfigurationName</key>
			<string>Debug</string>
			<key>isa</key>
			<string>XCConfigurationList</string>
			<key>buildConfigurations</key>
			<array>
				<string>000000000000000000000017</string>
				<string>000000000000000000000018</string>
			</array>
		</dict>
		<key>000000000000000000000013</key>
		<dict>
			<key>buildActionMask</key>
			<integer>2147483647</integer>
			<key>isa</key>
			<string>PBXSourcesBuildPhase</string>
			<key>files</key>
			<array>
				<string>000000000000000000000004</string>
				<string>000000000000000000000006</string>
				<string>000000000000000000000008</string>
			</array>
			<key>runOnlyForDeploymentPostprocessing</key>
			<integer>0</integer>
		</dict>
		<key>000000000000000000000026</key>
		<dict>
			<key>isa</key>
			<string>PBXContainerItemProxy</string>
			<key>containerPortal</key>
			<string>00000000000000000000001E</string>
			<key>remoteGlobalIDString</key>
			<string>00000000000000000000001A</string>
			<key>remoteInfo</key>
			<string>PlayerTests</string>
			<key>proxyType</key>
			<integer>1</integer>
		</dict>
		<key>000000000000000000000020</key>
		<dict>
			<key>fileRef</key>
			<string>00000000000000000000001F</string>
			<key>isa</key>
			<string>PBXBuildFile</string>
		</dict>
		<key>00000000000000000000000A</key>
		<dict>
			<key>fileRef</key>
			<string>000000000000000000000009</string>
			<key>isa</key>
			<string>PBXBuildFile</string>
		</dict>
		<key>000000000000000000000005</key>
		<dict>
			<key>path</key>
			<string>../../../browser/Reynard/Client/Interface/Library/Downloads/VideoPlayerViewController.swift</string>
			<key>isa</key>
			<string>PBXFileReference</string>
			<key>lastKnownFileType</key>
			<string>sourcecode.swift</string>
			<key>sourceTree</key>
			<string>&lt;group&gt;</string>
		</dict>
		<key>00000000000000000000001D</key>
		<dict>
			<key>defaultConfigurationIsVisible</key>
			<integer>0</integer>
			<key>defaultConfigurationName</key>
			<string>Debug</string>
			<key>isa</key>
			<string>XCConfigurationList</string>
			<key>buildConfigurations</key>
			<array>
				<string>00000000000000000000001B</string>
				<string>00000000000000000000001C</string>
			</array>
		</dict>
		<key>000000000000000000000018</key>
		<dict>
			<key>isa</key>
			<string>XCBuildConfiguration</string>
			<key>buildSettings</key>
			<dict>
				<key>LD_RUNPATH_SEARCH_PATHS</key>
				<array>
					<string>$(inherited)</string>
					<string>@executable_path/Frameworks</string>
				</array>
				<key>PRODUCT_BUNDLE_IDENTIFIER</key>
				<string>com.limalivy.reynard-player-tests</string>
				<key>CURRENT_PROJECT_VERSION</key>
				<string>1</string>
				<key>MARKETING_VERSION</key>
				<string>1.0</string>
				<key>INFOPLIST_KEY_UISupportedInterfaceOrientations</key>
				<string>UIInterfaceOrientationPortrait UIInterfaceOrientationLandscapeLeft UIInterfaceOrientationLandscapeRight</string>
				<key>CODE_SIGNING_ALLOWED</key>
				<string>NO</string>
				<key>GENERATE_INFOPLIST_FILE</key>
				<string>YES</string>
				<key>INFOPLIST_KEY_UILaunchScreen_Generation</key>
				<string>YES</string>
				<key>ARCHS</key>
				<string>arm64</string>
				<key>SDKROOT</key>
				<string>iphonesimulator</string>
				<key>SWIFT_VERSION</key>
				<string>5.0</string>
				<key>PRODUCT_NAME</key>
				<string>PlayerTests</string>
				<key>OTHER_LDFLAGS</key>
				<array>
					<string>-framework</string>
					<string>MobileVLCKit</string>
				</array>
				<key>FRAMEWORK_SEARCH_PATHS</key>
				<array>
					<string>$(SRCROOT)/../../../support/vlckit/build/iphonesimulator</string>
				</array>
				<key>IPHONEOS_DEPLOYMENT_TARGET</key>
				<string>13.0</string>
			</dict>
			<key>name</key>
			<string>Release</string>
		</dict>
		<key>000000000000000000000012</key>
		<dict>
			<key>fileRef</key>
			<string>000000000000000000000011</string>
			<key>isa</key>
			<string>PBXBuildFile</string>
		</dict>
		<key>00000000000000000000000F</key>
		<dict>
			<key>path</key>
			<string>fixtures/player-webm.webm</string>
			<key>isa</key>
			<string>PBXFileReference</string>
			<key>lastKnownFileType</key>
			<string>file</string>
			<key>sourceTree</key>
			<string>&lt;group&gt;</string>
		</dict>
		<key>000000000000000000000025</key>
		<dict>
			<key>path</key>
			<string>PlayerUITests.xctest</string>
			<key>isa</key>
			<string>PBXFileReference</string>
			<key>explicitFileType</key>
			<string>wrapper.cfbundle</string>
			<key>sourceTree</key>
			<string>BUILT_PRODUCTS_DIR</string>
		</dict>
		<key>000000000000000000000004</key>
		<dict>
			<key>fileRef</key>
			<string>000000000000000000000003</string>
			<key>isa</key>
			<string>PBXBuildFile</string>
		</dict>
		<key>00000000000000000000001C</key>
		<dict>
			<key>isa</key>
			<string>XCBuildConfiguration</string>
			<key>buildSettings</key>
			<dict/>
			<key>name</key>
			<string>Release</string>
		</dict>
		<key>000000000000000000000017</key>
		<dict>
			<key>isa</key>
			<string>XCBuildConfiguration</string>
			<key>buildSettings</key>
			<dict>
				<key>LD_RUNPATH_SEARCH_PATHS</key>
				<array>
					<string>$(inherited)</string>
					<string>@executable_path/Frameworks</string>
				</array>
				<key>PRODUCT_BUNDLE_IDENTIFIER</key>
				<string>com.limalivy.reynard-player-tests</string>
				<key>CURRENT_PROJECT_VERSION</key>
				<string>1</string>
				<key>MARKETING_VERSION</key>
				<string>1.0</string>
				<key>INFOPLIST_KEY_UISupportedInterfaceOrientations</key>
				<string>UIInterfaceOrientationPortrait UIInterfaceOrientationLandscapeLeft UIInterfaceOrientationLandscapeRight</string>
				<key>CODE_SIGNING_ALLOWED</key>
				<string>NO</string>
				<key>GENERATE_INFOPLIST_FILE</key>
				<string>YES</string>
				<key>INFOPLIST_KEY_UILaunchScreen_Generation</key>
				<string>YES</string>
				<key>ARCHS</key>
				<string>arm64</string>
				<key>SDKROOT</key>
				<string>iphonesimulator</string>
				<key>SWIFT_VERSION</key>
				<string>5.0</string>
				<key>PRODUCT_NAME</key>
				<string>PlayerTests</string>
				<key>OTHER_LDFLAGS</key>
				<array>
					<string>-framework</string>
					<string>MobileVLCKit</string>
				</array>
				<key>FRAMEWORK_SEARCH_PATHS</key>
				<array>
					<string>$(SRCROOT)/../../../support/vlckit/build/iphonesimulator</string>
				</array>
				<key>IPHONEOS_DEPLOYMENT_TARGET</key>
				<string>13.0</string>
			</dict>
			<key>name</key>
			<string>Debug</string>
		</dict>
		<key>000000000000000000000011</key>
		<dict>
			<key>path</key>
			<string>fixtures/player-invalid.mp4</string>
			<key>isa</key>
			<string>PBXFileReference</string>
			<key>lastKnownFileType</key>
			<string>file</string>
			<key>sourceTree</key>
			<string>&lt;group&gt;</string>
		</dict>
		<key>00000000000000000000000E</key>
		<dict>
			<key>fileRef</key>
			<string>00000000000000000000000D</string>
			<key>isa</key>
			<string>PBXBuildFile</string>
		</dict>
		<key>000000000000000000000024</key>
		<dict>
			<key>defaultConfigurationIsVisible</key>
			<integer>0</integer>
			<key>defaultConfigurationName</key>
			<string>Debug</string>
			<key>isa</key>
			<string>XCConfigurationList</string>
			<key>buildConfigurations</key>
			<array>
				<string>000000000000000000000022</string>
				<string>000000000000000000000023</string>
			</array>
		</dict>
		<key>000000000000000000000009</key>
		<dict>
			<key>path</key>
			<string>fixtures/player-mp4.mp4</string>
			<key>isa</key>
			<string>PBXFileReference</string>
			<key>lastKnownFileType</key>
			<string>file</string>
			<key>sourceTree</key>
			<string>&lt;group&gt;</string>
		</dict>
		<key>000000000000000000000003</key>
		<dict>
			<key>path</key>
			<string>Host.swift</string>
			<key>isa</key>
			<string>PBXFileReference</string>
			<key>lastKnownFileType</key>
			<string>sourcecode.swift</string>
			<key>sourceTree</key>
			<string>&lt;group&gt;</string>
		</dict>
		<key>00000000000000000000001B</key>
		<dict>
			<key>isa</key>
			<string>XCBuildConfiguration</string>
			<key>buildSettings</key>
			<dict/>
			<key>name</key>
			<string>Debug</string>
		</dict>
		<key>000000000000000000000016</key>
		<dict>
			<key>path</key>
			<string>PlayerTests.app</string>
			<key>isa</key>
			<string>PBXFileReference</string>
			<key>explicitFileType</key>
			<string>wrapper.application</string>
			<key>sourceTree</key>
			<string>BUILT_PRODUCTS_DIR</string>
		</dict>
		<key>000000000000000000000010</key>
		<dict>
			<key>fileRef</key>
			<string>00000000000000000000000F</string>
			<key>isa</key>
			<string>PBXBuildFile</string>
		</dict>
		<key>00000000000000000000000D</key>
		<dict>
			<key>path</key>
			<string>fixtures/player-mkv.mkv</string>
			<key>isa</key>
			<string>PBXFileReference</string>
			<key>lastKnownFileType</key>
			<string>file</string>
			<key>sourceTree</key>
			<string>&lt;group&gt;</string>
		</dict>
		<key>000000000000000000000023</key>
		<dict>
			<key>isa</key>
			<string>XCBuildConfiguration</string>
			<key>buildSettings</key>
			<dict>
				<key>GENERATE_INFOPLIST_FILE</key>
				<string>YES</string>
				<key>CODE_SIGNING_ALLOWED</key>
				<string>NO</string>
				<key>MARKETING_VERSION</key>
				<string>1.0</string>
				<key>IPHONEOS_DEPLOYMENT_TARGET</key>
				<string>13.0</string>
				<key>ARCHS</key>
				<string>arm64</string>
				<key>PRODUCT_BUNDLE_IDENTIFIER</key>
				<string>com.limalivy.reynard-player-uitests</string>
				<key>SDKROOT</key>
				<string>iphonesimulator</string>
				<key>SWIFT_VERSION</key>
				<string>5.0</string>
				<key>TEST_TARGET_NAME</key>
				<string>PlayerTests</string>
				<key>CURRENT_PROJECT_VERSION</key>
				<string>1</string>
				<key>PRODUCT_NAME</key>
				<string>PlayerUITests</string>
			</dict>
			<key>name</key>
			<string>Release</string>
		</dict>
		<key>000000000000000000000008</key>
		<dict>
			<key>fileRef</key>
			<string>000000000000000000000007</string>
			<key>isa</key>
			<string>PBXBuildFile</string>
		</dict>
		<key>000000000000000000000002</key>
		<dict>
			<key>isa</key>
			<string>PBXGroup</string>
			<key>name</key>
			<string>Products</string>
			<key>children</key>
			<array>
				<string>000000000000000000000016</string>
				<string>000000000000000000000025</string>
			</array>
			<key>sourceTree</key>
			<string>&lt;group&gt;</string>
		</dict>
		<key>00000000000000000000001A</key>
		<dict>
			<key>buildConfigurationList</key>
			<string>000000000000000000000019</string>
			<key>productReference</key>
			<string>000000000000000000000016</string>
			<key>productType</key>
			<string>com.apple.product-type.application</string>
			<key>productName</key>
			<string>PlayerTests</string>
			<key>isa</key>
			<string>PBXNativeTarget</string>
			<key>buildPhases</key>
			<array>
				<string>000000000000000000000013</string>
				<string>000000000000000000000014</string>
				<string>000000000000000000000015</string>
			</array>
			<key>dependencies</key>
			<array/>
			<key>name</key>
			<string>PlayerTests</string>
			<key>buildRules</key>
			<array/>
		</dict>
		<key>000000000000000000000015</key>
		<dict>
			<key>inputPaths</key>
			<array/>
			<key>buildActionMask</key>
			<integer>2147483647</integer>
			<key>shellPath</key>
			<string>/bin/sh</string>
			<key>isa</key>
			<string>PBXShellScriptBuildPhase</string>
			<key>runOnlyForDeploymentPostprocessing</key>
			<integer>0</integer>
			<key>outputPaths</key>
			<array/>
			<key>shellScript</key>
			<string>set -eu
mkdir -p "$TARGET_BUILD_DIR/$WRAPPER_NAME/Frameworks"
ditto "$SRCROOT/../../../support/vlckit/build/iphonesimulator/MobileVLCKit.framework" "$TARGET_BUILD_DIR/$WRAPPER_NAME/Frameworks/MobileVLCKit.framework"
codesign --force --sign - "$TARGET_BUILD_DIR/$WRAPPER_NAME/Frameworks/MobileVLCKit.framework"</string>
			<key>files</key>
			<array/>
			<key>name</key>
			<string>Embed VLC</string>
		</dict>
		<key>000000000000000000000028</key>
		<dict>
			<key>buildConfigurationList</key>
			<string>000000000000000000000024</string>
			<key>productReference</key>
			<string>000000000000000000000025</string>
			<key>productType</key>
			<string>com.apple.product-type.bundle.ui-testing</string>
			<key>productName</key>
			<string>PlayerUITests</string>
			<key>isa</key>
			<string>PBXNativeTarget</string>
			<key>buildPhases</key>
			<array>
				<string>000000000000000000000021</string>
			</array>
			<key>dependencies</key>
			<array>
				<string>000000000000000000000027</string>
			</array>
			<key>name</key>
			<string>PlayerUITests</string>
			<key>buildRules</key>
			<array/>
		</dict>
		<key>00000000000000000000000C</key>
		<dict>
			<key>fileRef</key>
			<string>00000000000000000000000B</string>
			<key>isa</key>
			<string>PBXBuildFile</string>
		</dict>
		<key>000000000000000000000022</key>
		<dict>
			<key>isa</key>
			<string>XCBuildConfiguration</string>
			<key>buildSettings</key>
			<dict>
				<key>GENERATE_INFOPLIST_FILE</key>
				<string>YES</string>
				<key>CODE_SIGNING_ALLOWED</key>
				<string>NO</string>
				<key>MARKETING_VERSION</key>
				<string>1.0</string>
				<key>IPHONEOS_DEPLOYMENT_TARGET</key>
				<string>13.0</string>
				<key>ARCHS</key>
				<string>arm64</string>
				<key>PRODUCT_BUNDLE_IDENTIFIER</key>
				<string>com.limalivy.reynard-player-uitests</string>
				<key>SDKROOT</key>
				<string>iphonesimulator</string>
				<key>SWIFT_VERSION</key>
				<string>5.0</string>
				<key>TEST_TARGET_NAME</key>
				<string>PlayerTests</string>
				<key>CURRENT_PROJECT_VERSION</key>
				<string>1</string>
				<key>PRODUCT_NAME</key>
				<string>PlayerUITests</string>
			</dict>
			<key>name</key>
			<string>Debug</string>
		</dict>
		<key>000000000000000000000007</key>
		<dict>
			<key>path</key>
			<string>../../../browser/Reynard/Client/Extensions/Notifications.swift</string>
			<key>isa</key>
			<string>PBXFileReference</string>
			<key>lastKnownFileType</key>
			<string>sourcecode.swift</string>
			<key>sourceTree</key>
			<string>&lt;group&gt;</string>
		</dict>
		<key>000000000000000000000001</key>
		<dict>
			<key>isa</key>
			<string>PBXGroup</string>
			<key>sourceTree</key>
			<string>&lt;group&gt;</string>
			<key>children</key>
			<array>
				<string>000000000000000000000002</string>
				<string>000000000000000000000003</string>
				<string>000000000000000000000005</string>
				<string>000000000000000000000007</string>
				<string>000000000000000000000009</string>
				<string>00000000000000000000000B</string>
				<string>00000000000000000000000D</string>
				<string>00000000000000000000000F</string>
				<string>000000000000000000000011</string>
				<string>00000000000000000000001F</string>
			</array>
		</dict>
		<key>00000000000000000000001F</key>
		<dict>
			<key>path</key>
			<string>PlayerUITests.swift</string>
			<key>isa</key>
			<string>PBXFileReference</string>
			<key>lastKnownFileType</key>
			<string>sourcecode.swift</string>
			<key>sourceTree</key>
			<string>&lt;group&gt;</string>
		</dict>
		<key>000000000000000000000014</key>
		<dict>
			<key>buildActionMask</key>
			<integer>2147483647</integer>
			<key>isa</key>
			<string>PBXResourcesBuildPhase</string>
			<key>files</key>
			<array>
				<string>00000000000000000000000A</string>
				<string>00000000000000000000000C</string>
				<string>00000000000000000000000E</string>
				<string>000000000000000000000010</string>
				<string>000000000000000000000012</string>
			</array>
			<key>runOnlyForDeploymentPostprocessing</key>
			<integer>0</integer>
		</dict>
		<key>000000000000000000000027</key>
		<dict>
			<key>isa</key>
			<string>PBXTargetDependency</string>
			<key>target</key>
			<string>00000000000000000000001A</string>
			<key>targetProxy</key>
			<string>000000000000000000000026</string>
		</dict>
		<key>00000000000000000000000B</key>
		<dict>
			<key>path</key>
			<string>fixtures/player-hls.mp4</string>
			<key>isa</key>
			<string>PBXFileReference</string>
			<key>lastKnownFileType</key>
			<string>file</string>
			<key>sourceTree</key>
			<string>&lt;group&gt;</string>
		</dict>
		<key>000000000000000000000021</key>
		<dict>
			<key>buildActionMask</key>
			<integer>2147483647</integer>
			<key>isa</key>
			<string>PBXSourcesBuildPhase</string>
			<key>files</key>
			<array>
				<string>000000000000000000000020</string>
			</array>
			<key>runOnlyForDeploymentPostprocessing</key>
			<integer>0</integer>
		</dict>
	</dict>
	<key>rootObject</key>
	<string>00000000000000000000001E</string>
</dict>
</plist>
